
Microsoft Visual Studio Solution File, Format Version 12.00
# Visual Studio 14
VisualStudioVersion = 14.0.25123.0
MinimumVisualStudioVersion = 10.0.40219.1
Project("{FAE04EC0-301F-11D3-BF4B-00C04F79EFBC}") = "DriveTime", "DriveTime\DriveTime.csproj", "{1D858318-40EE-458B-8683-78B892490DE3}"
EndProject
Project("{FAE04EC0-301F-11D3-BF4B-00C04F79EFBC}") = "DriveTimeWeb", "DriveTimeWeb\DriveTimeWeb.csproj", "{7552FB61-6432-448D-8888-5D1F815C6D26}"
EndProject
Global
	GlobalSection(SolutionConfigurationPlatforms) = preSolution
		Debug|Any CPU = Debug|Any CPU
		Release|Any CPU = Release|Any CPU
	EndGlobalSection
	GlobalSection(ProjectConfigurationPlatforms) = postSolution
		{1D858318-40EE-458B-8683-78B892490DE3}.Debug|Any CPU.ActiveCfg = Debug|Any CPU
		{1D858318-40EE-458B-8683-78B892490DE3}.Debug|Any CPU.Build.0 = Debug|Any CPU
		{1D858318-40EE-458B-8683-78B892490DE3}.Debug|Any CPU.Deploy.0 = Debug|Any CPU
		{1D858318-40EE-458B-8683-78B892490DE3}.Release|Any CPU.ActiveCfg = Release|Any CPU
		{1D858318-40EE-458B-8683-78B892490DE3}.Release|Any CPU.Build.0 = Release|Any CPU
		{1D858318-40EE-458B-8683-78B892490DE3}.Release|Any CPU.Deploy.0 = Release|Any CPU
		{7552FB61-6432-448D-8888-5D1F815C6D26}.Debug|Any CPU.ActiveCfg = Debug|Any CPU
		{7552FB61-6432-448D-8888-5D1F815C6D26}.Debug|Any CPU.Build.0 = Debug|Any CPU
		{7552FB61-6432-448D-8888-5D1F815C6D26}.Release|Any CPU.ActiveCfg = Release|Any CPU
		{7552FB61-6432-448D-8888-5D1F815C6D26}.Release|Any CPU.Build.0 = Release|Any CPU
	EndGlobalSection
	GlobalSection(SolutionProperties) = preSolution
		HideSolutionNode = FALSE
	EndGlobalSection
EndGlobal
